// !$*UTF8*$!
{
	archiveVersion = 1;
	classes = {
	};
	objectVersion = 50;
	objects = {

/* Begin PBXBuildFile section */
		FA8947162156BCF500AF1732 /* AppDelegate.swift in Sources */ = {isa = PBXBuildFile; fileRef = FA8947152156BCF500AF1732 /* AppDelegate.swift */; };
		FA8947182156BCF500AF1732 /* ViewController.swift in Sources */ = {isa = PBXBuildFile; fileRef = FA8947172156BCF500AF1732 /* ViewController.swift */; };
		FA89471B2156BCF500AF1732 /* Main.storyboard in Resources */ = {isa = PBXBuildFile; fileRef = FA8947192156BCF500AF1732 /* Main.storyboard */; };
		FA89471D2156BCF600AF1732 /* Assets.xcassets in Resources */ = {isa = PBXBuildFile; fileRef = FA89471C2156BCF600AF1732 /* Assets.xcassets */; };
		FA8947202156BCF600AF1732 /* LaunchScreen.storyboard in Resources */ = {isa = PBXBuildFile; fileRef = FA89471E2156BCF600AF1732 /* LaunchScreen.storyboard */; };
		FA89472B2156BCF700AF1732 /* HasbroSTransformersTests.swift in Sources */ = {isa = PBXBuildFile; fileRef = FA89472A2156BCF700AF1732 /* HasbroSTransformersTests.swift */; };
		FA8947362156BCF700AF1732 /* HasbroSTransformersUITests.swift in Sources */ = {isa = PBXBuildFile; fileRef = FA8947352156BCF700AF1732 /* HasbroSTransformersUITests.swift */; };
		FA8947462156BE7400AF1732 /* DetailsViewController.swift in Sources */ = {isa = PBXBuildFile; fileRef = FA8947452156BE7400AF1732 /* DetailsViewController.swift */; };
		FA8947482156CB2F00AF1732 /* CollectionViewCell.swift in Sources */ = {isa = PBXBuildFile; fileRef = FA8947472156CB2F00AF1732 /* CollectionViewCell.swift */; };
		FA8947602156E7EB00AF1732 /* Transformer.swift in Sources */ = {isa = PBXBuildFile; fileRef = FA89475F2156E7EB00AF1732 /* Transformer.swift */; };
		FA8947622156E82200AF1732 /* API.swift in Sources */ = {isa = PBXBuildFile; fileRef = FA8947612156E82200AF1732 /* API.swift */; };
		FA8947642156E84900AF1732 /* Settings.swift in Sources */ = {isa = PBXBuildFile; fileRef = FA8947632156E84900AF1732 /* Settings.swift */; };
		FA8947662156E87C00AF1732 /* Generals.swift in Sources */ = {isa = PBXBuildFile; fileRef = FA8947652156E87C00AF1732 /* Generals.swift */; };
		FA89476921575FA000AF1732 /* ResultViewController.swift in Sources */ = {isa = PBXBuildFile; fileRef = FA89476821575FA000AF1732 /* ResultViewController.swift */; };
		FA89476B21577CEF00AF1732 /* Extensions.swift in Sources */ = {isa = PBXBuildFile; fileRef = FA89476A21577CEF00AF1732 /* Extensions.swift */; };
/* End PBXBuildFile section */

/* Begin PBXContainerItemProxy section */
		FA8947272156BCF600AF1732 /* PBXContainerItemProxy */ = {
			isa = PBXContainerItemProxy;
			containerPortal = FA89470A2156BCF500AF1732 /* Project object */;
			proxyType = 1;
			remoteGlobalIDString = FA8947112156BCF500AF1732;
			remoteInfo = HasbroSTransformers;
		};
		FA8947322156BCF700AF1732 /* PBXContainerItemProxy */ = {
			isa = PBXContainerItemProxy;
			containerPortal = FA89470A2156BCF500AF1732 /* Project object */;
			proxyType = 1;
			remoteGlobalIDString = FA8947112156BCF500AF1732;
			remoteInfo = HasbroSTransformers;
		};
/* End PBXContainerItemProxy section */

/* Begin PBXFileReference section */
		FA8947122156BCF500AF1732 /* HasbroSTransformers.app */ = {isa = PBXFileReference; explicitFileType = wrapper.application; includeInIndex = 0; path = HasbroSTransformers.app; sourceTree = BUILT_PRODUCTS_DIR; };
		FA8947152156BCF500AF1732 /* AppDelegate.swift */ = {isa = PBXFileReference; lastKnownFileType = sourcecode.swift; path = AppDelegate.swift; sourceTree = "<group>"; };
		FA8947172156BCF500AF1732 /* ViewController.swift */ = {isa = PBXFileReference; lastKnownFileType = sourcecode.swift; path = ViewController.swift; sourceTree = "<group>"; };
		FA89471A2156BCF500AF1732 /* Base */ = {isa = PBXFileReference; lastKnownFileType = file.storyboard; name = Base; path = Base.lproj/Main.storyboard; sourceTree = "<group>"; };
		FA89471C2156BCF600AF1732 /* Assets.xcassets */ = {isa = PBXFileReference; lastKnownFileType = folder.assetcatalog; path = Assets.xcassets; sourceTree = "<group>"; };
		FA89471F2156BCF600AF1732 /* Base */ = {isa = PBXFileReference; lastKnownFileType = file.storyboard; name = Base; path = Base.lproj/LaunchScreen.storyboard; sourceTree = "<group>"; };
		FA8947212156BCF600AF1732 /* Info.plist */ = {isa = PBXFileReference; lastKnownFileType = text.plist.xml; path = Info.plist; sourceTree = "<group>"; };
		FA8947262156BCF600AF1732 /* HasbroSTransformersTests.xctest */ = {isa = PBXFileReference; explicitFileType = wrapper.cfbundle; includeInIndex = 0; path = HasbroSTransformersTests.xctest; sourceTree = BUILT_PRODUCTS_DIR; };
		FA89472A2156BCF700AF1732 /* HasbroSTransformersTests.swift */ = {isa = PBXFileReference; lastKnownFileType = sourcecode.swift; path = HasbroSTransformersTests.swift; sourceTree = "<group>"; };
		FA89472C2156BCF700AF1732 /* Info.plist */ = {isa = PBXFileReference; lastKnownFileType = text.plist.xml; path = Info.plist; sourceTree = "<group>"; };
		FA8947312156BCF700AF1732 /* HasbroSTransformersUITests.xctest */ = {isa = PBXFileReference; explicitFileType = wrapper.cfbundle; includeInIndex = 0; path = HasbroSTransformersUITests.xctest; sourceTree = BUILT_PRODUCTS_DIR; };
		FA8947352156BCF700AF1732 /* HasbroSTransformersUITests.swift */ = {isa = PBXFileReference; lastKnownFileType = sourcecode.swift; path = HasbroSTransformersUITests.swift; sourceTree = "<group>"; };
		FA8947372156BCF700AF1732 /* Info.plist */ = {isa = PBXFileReference; lastKnownFileType = text.plist.xml; path = Info.plist; sourceTree = "<group>"; };
		FA8947452156BE7400AF1732 /* DetailsViewController.swift */ = {isa = PBXFileReference; lastKnownFileType = sourcecode.swift; path = DetailsViewController.swift; sourceTree = "<group>"; };
		FA8947472156CB2F00AF1732 /* CollectionViewCell.swift */ = {isa = PBXFileReference; lastKnownFileType = sourcecode.swift; path = CollectionViewCell.swift; sourceTree = "<group>"; };
		FA89475F2156E7EB00AF1732 /* Transformer.swift */ = {isa = PBXFileReference; lastKnownFileType = sourcecode.swift; path = Transformer.swift; sourceTree = "<group>"; };
		FA8947612156E82200AF1732 /* API.swift */ = {isa = PBXFileReference; lastKnownFileType = sourcecode.swift; path = API.swift; sourceTree = "<group>"; };
		FA8947632156E84900AF1732 /* Settings.swift */ = {isa = PBXFileReference; lastKnownFileType = sourcecode.swift; path = Settings.swift; sourceTree = "<group>"; };
		FA8947652156E87C00AF1732 /* Generals.swift */ = {isa = PBXFileReference; lastKnownFileType = sourcecode.swift; path = Generals.swift; sourceTree = "<group>"; };
		FA89476821575FA000AF1732 /* ResultViewController.swift */ = {isa = PBXFileReference; lastKnownFileType = sourcecode.swift; path = ResultViewController.swift; sourceTree = "<group>"; };
		FA89476A21577CEF00AF1732 /* Extensions.swift */ = {isa = PBXFileReference; lastKnownFileType = sourcecode.swift; path = Extensions.swift; sourceTree = "<group>"; };
/* End PBXFileReference section */

/* Begin PBXFrameworksBuildPhase section */
		FA89470F2156BCF500AF1732 /* Frameworks */ = {
			isa = PBXFrameworksBuildPhase;
			buildActionMask = 2147483647;
			files = (
			);
			runOnlyForDeploymentPostprocessing = 0;
		};
		FA8947232156BCF600AF1732 /* Frameworks */ = {
			isa = PBXFrameworksBuildPhase;
			buildActionMask = 2147483647;
			files = (
			);
			runOnlyForDeploymentPostprocessing = 0;
		};
		FA89472E2156BCF700AF1732 /* Frameworks */ = {
			isa = PBXFrameworksBuildPhase;
			buildActionMask = 2147483647;
			files = (
			);
			runOnlyForDeploymentPostprocessing = 0;
		};
/* End PBXFrameworksBuildPhase section */

/* Begin PBXGroup section */
		FA8947092156BCF500AF1732 = {
			isa = PBXGroup;
			children = (
				FA8947142156BCF500AF1732 /* HasbroSTransformers */,
				FA8947292156BCF700AF1732 /* HasbroSTransformersTests */,
				FA8947342156BCF700AF1732 /* HasbroSTransformersUITests */,
				FA8947132156BCF500AF1732 /* Products */,
			);
			sourceTree = "<group>";
		};
		FA8947132156BCF500AF1732 /* Products */ = {
			isa = PBXGroup;
			children = (
				FA8947122156BCF500AF1732 /* HasbroSTransformers.app */,
				FA8947262156BCF600AF1732 /* HasbroSTransformersTests.xctest */,
				FA8947312156BCF700AF1732 /* HasbroSTransformersUITests.xctest */,
			);
			name = Products;
			sourceTree = "<group>";
		};
		FA8947142156BCF500AF1732 /* HasbroSTransformers */ = {
			isa = PBXGroup;
			children = (
				FA89476C2158749500AF1732 /* AppDelegate */,
				FA89476D215874BB00AF1732 /* Extensions */,
				FA89476E2158750600AF1732 /* Models */,
				FA894774215876AB00AF1732 /* Helpers */,
				FA89476F2158752700AF1732 /* Networkings */,
				FA8947702158756800AF1732 /* Resources */,
				FA8947712158759500AF1732 /* Supportings Files */,
				FA894772215875BE00AF1732 /* ViewControlers */,
				FA894773215875E000AF1732 /* Views */,
			);
			path = HasbroSTransformers;
			sourceTree = "<group>";
		};
		FA8947292156BCF700AF1732 /* HasbroSTransformersTests */ = {
			isa = PBXGroup;
			children = (
				FA89472A2156BCF700AF1732 /* HasbroSTransformersTests.swift */,
				FA89472C2156BCF700AF1732 /* Info.plist */,
			);
			path = HasbroSTransformersTests;
			sourceTree = "<group>";
		};
		FA8947342156BCF700AF1732 /* HasbroSTransformersUITests */ = {
			isa = PBXGroup;
			children = (
				FA8947352156BCF700AF1732 /* HasbroSTransformersUITests.swift */,
				FA8947372156BCF700AF1732 /* Info.plist */,
			);
			path = HasbroSTransformersUITests;
			sourceTree = "<group>";
		};
		FA89476C2158749500AF1732 /* AppDelegate */ = {
			isa = PBXGroup;
			children = (
				FA8947152156BCF500AF1732 /* AppDelegate.swift */,
			);
			name = AppDelegate;
			sourceTree = "<group>";
		};
		FA89476D215874BB00AF1732 /* Extensions */ = {
			isa = PBXGroup;
			children = (
				FA89476A21577CEF00AF1732 /* Extensions.swift */,
			);
			path = Extensions;
			sourceTree = "<group>";
		};
		FA89476E2158750600AF1732 /* Models */ = {
			isa = PBXGroup;
			children = (
				FA89475F2156E7EB00AF1732 /* Transformer.swift */,
			);
			name = Models;
			sourceTree = "<group>";
		};
		FA89476F2158752700AF1732 /* Networkings */ = {
			isa = PBXGroup;
			children = (
				FA8947612156E82200AF1732 /* API.swift */,
			);
			path = Networkings;
			sourceTree = "<group>";
		};
		FA8947702158756800AF1732 /* Resources */ = {
			isa = PBXGroup;
			children = (
				FA89471C2156BCF600AF1732 /* Assets.xcassets */,
			);
			name = Resources;
			sourceTree = "<group>";
		};
		FA8947712158759500AF1732 /* Supportings Files */ = {
			isa = PBXGroup;
			children = (
				FA8947212156BCF600AF1732 /* Info.plist */,
			);
			path = "Supportings Files";
			sourceTree = "<group>";
		};
		FA894772215875BE00AF1732 /* ViewControlers */ = {
			isa = PBXGroup;
			children = (
				FA8947472156CB2F00AF1732 /* CollectionViewCell.swift */,
				FA8947172156BCF500AF1732 /* ViewController.swift */,
				FA8947452156BE7400AF1732 /* DetailsViewController.swift */,
				FA89476821575FA000AF1732 /* ResultViewController.swift */,
			);
			name = ViewControlers;
			sourceTree = "<group>";
		};
		FA894773215875E000AF1732 /* Views */ = {
			isa = PBXGroup;
			children = (
				FA8947192156BCF500AF1732 /* Main.storyboard */,
				FA89471E2156BCF600AF1732 /* LaunchScreen.storyboard */,
			);
			path = Views;
			sourceTree = "<group>";
		};
		FA894774215876AB00AF1732 /* Helpers */ = {
			isa = PBXGroup;
			children = (
				FA8947632156E84900AF1732 /* Settings.swift */,
				FA8947652156E87C00AF1732 /* Generals.swift */,
			);
			name = Helpers;
			sourceTree = "<group>";
		};
/* End PBXGroup section */

/* Begin PBXNativeTarget section */
		FA8947112156BCF500AF1732 /* HasbroSTransformers */ = {
			isa = PBXNativeTarget;
			buildConfigurationList = FA89473A2156BCF700AF1732 /* Build configuration list for PBXNativeTarget "HasbroSTransformers" */;
			buildPhases = (
				FA89470E2156BCF500AF1732 /* Sources */,
				FA89470F2156BCF500AF1732 /* Frameworks */,
				FA8947102156BCF500AF1732 /* Resources */,
			);
			buildRules = (
			);
			dependencies = (
			);
			name = HasbroSTransformers;
			productName = HasbroSTransformers;
			productReference = FA8947122156BCF500AF1732 /* HasbroSTransformers.app */;
			productType = "com.apple.product-type.application";
		};
		FA8947252156BCF600AF1732 /* HasbroSTransformersTests */ = {
			isa = PBXNativeTarget;
			buildConfigurationList = FA89473D2156BCF700AF1732 /* Build configuration list for PBXNativeTarget "HasbroSTransformersTests" */;
			buildPhases = (
				FA8947222156BCF600AF1732 /* Sources */,
				FA8947232156BCF600AF1732 /* Frameworks */,
				FA8947242156BCF600AF1732 /* Resources */,
			);
			buildRules = (
			);
			dependencies = (
				FA8947282156BCF600AF1732 /* PBXTargetDependency */,
			);
			name = HasbroSTransformersTests;
			productName = HasbroSTransformersTests;
			productReference = FA8947262156BCF600AF1732 /* HasbroSTransformersTests.xctest */;
			productType = "com.apple.product-type.bundle.unit-test";
		};
		FA8947302156BCF700AF1732 /* HasbroSTransformersUITests */ = {
			isa = PBXNativeTarget;
			buildConfigurationList = FA8947402156BCF700AF1732 /* Build configuration list for PBXNativeTarget "HasbroSTransformersUITests" */;
			buildPhases = (
				FA89472D2156BCF700AF1732 /* Sources */,
				FA89472E2156BCF700AF1732 /* Frameworks */,
				FA89472F2156BCF700AF1732 /* Resources */,
			);
			buildRules = (
			);
			dependencies = (
				FA8947332156BCF700AF1732 /* PBXTargetDependency */,
			);
			name = HasbroSTransformersUITests;
			productName = HasbroSTransformersUITests;
			productReference = FA8947312156BCF700AF1732 /* HasbroSTransformersUITests.xctest */;
			productType = "com.apple.product-type.bundle.ui-testing";
		};
/* End PBXNativeTarget section */

/* Begin PBXProject section */
		FA89470A2156BCF500AF1732 /* Project object */ = {
			isa = PBXProject;
			attributes = {
				LastSwiftUpdateCheck = 1000;
				LastUpgradeCheck = 1000;
				ORGANIZATIONNAME = Amir;
				TargetAttributes = {
					FA8947112156BCF500AF1732 = {
						CreatedOnToolsVersion = 10.0;
					};
					FA8947252156BCF600AF1732 = {
						CreatedOnToolsVersion = 10.0;
						TestTargetID = FA8947112156BCF500AF1732;
					};
					FA8947302156BCF700AF1732 = {
						CreatedOnToolsVersion = 10.0;
						TestTargetID = FA8947112156BCF500AF1732;
					};
				};
			};
			buildConfigurationList = FA89470D2156BCF500AF1732 /* Build configuration list for PBXProject "HasbroSTransformers" */;
			compatibilityVersion = "Xcode 9.3";
			developmentRegion = en;
			hasScannedForEncodings = 0;
			knownRegions = (
				en,
				Base,
			);
			mainGroup = FA8947092156BCF500AF1732;
			productRefGroup = FA8947132156BCF500AF1732 /* Products */;
			projectDirPath = "";
			projectRoot = "";
			targets = (
				FA8947112156BCF500AF1732 /* HasbroSTransformers */,
				FA8947252156BCF600AF1732 /* HasbroSTransformersTests */,
				FA8947302156BCF700AF1732 /* HasbroSTransformersUITests */,
			);
		};
/* End PBXProject section */

/* Begin PBXResourcesBuildPhase section */
		FA8947102156BCF500AF1732 /* Resources */ = {
			isa = PBXResourcesBuildPhase;
			buildActionMask = 2147483647;
			files = (
				FA8947202156BCF600AF1732 /* LaunchScreen.storyboard in Resources */,
				FA89471D2156BCF600AF1732 /* Assets.xcassets in Resources */,
				FA89471B2156BCF500AF1732 /* Main.storyboard in Resources */,
			);
			runOnlyForDeploymentPostprocessing = 0;
		};
		FA8947242156BCF600AF1732 /* Resources */ = {
			isa = PBXResourcesBuildPhase;
			buildActionMask = 2147483647;
			files = (
			);
			runOnlyForDeploymentPostprocessing = 0;
		};
		FA89472F2156BCF700AF1732 /* Resources */ = {
			isa = PBXResourcesBuildPhase;
			buildActionMask = 2147483647;
			files = (
			);
			runOnlyForDeploymentPostprocessing = 0;
		};
/* End PBXResourcesBuildPhase section */

/* Begin PBXSourcesBuildPhase section */
		FA89470E2156BCF500AF1732 /* Sources */ = {
			isa = PBXSourcesBuildPhase;
			buildActionMask = 2147483647;
			files = (
				FA89476B21577CEF00AF1732 /* Extensions.swift in Sources */,
				FA89476921575FA000AF1732 /* ResultViewController.swift in Sources */,
				FA8947642156E84900AF1732 /* Settings.swift in Sources */,
				FA8947602156E7EB00AF1732 /* Transformer.swift in Sources */,
				FA8947622156E82200AF1732 /* API.swift in Sources */,
				FA8947182156BCF500AF1732 /* ViewController.swift in Sources */,
				FA8947662156E87C00AF1732 /* Generals.swift in Sources */,
				FA8947162156BCF500AF1732 /* AppDelegate.swift in Sources */,
				FA8947482156CB2F00AF1732 /* CollectionViewCell.swift in Sources */,
				FA8947462156BE7400AF1732 /* DetailsViewController.swift in Sources */,
			);
			runOnlyForDeploymentPostprocessing = 0;
		};
		FA8947222156BCF600AF1732 /* Sources */ = {
			isa = PBXSourcesBuildPhase;
			buildActionMask = 2147483647;
			files = (
				FA89472B2156BCF700AF1732 /* HasbroSTransformersTests.swift in Sources */,
			);
			runOnlyForDeploymentPostprocessing = 0;
		};
		FA89472D2156BCF700AF1732 /* Sources */ = {
			isa = PBXSourcesBuildPhase;
			buildActionMask = 2147483647;
			files = (
				FA8947362156BCF700AF1732 /* HasbroSTransformersUITests.swift in Sources */,
			);
			runOnlyForDeploymentPostprocessing = 0;
		};
/* End PBXSourcesBuildPhase section */

/* Begin PBXTargetDependency section */
		FA8947282156BCF600AF1732 /* PBXTargetDependency */ = {
			isa = PBXTargetDependency;
			target = FA8947112156BCF500AF1732 /* HasbroSTransformers */;
			targetProxy = FA8947272156BCF600AF1732 /* PBXContainerItemProxy */;
		};
		FA8947332156BCF700AF1732 /* PBXTargetDependency */ = {
			isa = PBXTargetDependency;
			target = FA8947112156BCF500AF1732 /* HasbroSTransformers */;
			targetProxy = FA8947322156BCF700AF1732 /* PBXContainerItemProxy */;
		};
/* End PBXTargetDependency section */

/* Begin PBXVariantGroup section */
		FA8947192156BCF500AF1732 /* Main.storyboard */ = {
			isa = PBXVariantGroup;
			children = (
				FA89471A2156BCF500AF1732 /* Base */,
			);
			name = Main.storyboard;
			sourceTree = "<group>";
		};
		FA89471E2156BCF600AF1732 /* LaunchScreen.storyboard */ = {
			isa = PBXVariantGroup;
			children = (
				FA89471F2156BCF600AF1732 /* Base */,
			);
			name = LaunchScreen.storyboard;
			sourceTree = "<group>";
		};
/* End PBXVariantGroup section */

/* Begin XCBuildConfiguration section */
		FA8947382156BCF700AF1732 /* Debug */ = {
			isa = XCBuildConfiguration;
			buildSettings = {
				ALWAYS_SEARCH_USER_PATHS = NO;
				CLANG_ANALYZER_NONNULL = YES;
				CLANG_ANALYZER_NUMBER_OBJECT_CONVERSION = YES_AGGRESSIVE;
				CLANG_CXX_LANGUAGE_STANDARD = "gnu++14";
				CLANG_CXX_LIBRARY = "libc++";
				CLANG_ENABLE_MODULES = YES;
				CLANG_ENABLE_OBJC_ARC = YES;
				CLANG_ENABLE_OBJC_WEAK = YES;
				CLANG_WARN_BLOCK_CAPTURE_AUTORELEASING = YES;
				CLANG_WARN_BOOL_CONVERSION = YES;
				CLANG_WARN_COMMA = YES;
				CLANG_WARN_CONSTANT_CONVERSION = YES;
				CLANG_WARN_DEPRECATED_OBJC_IMPLEMENTATIONS = YES;
				CLANG_WARN_DIRECT_OBJC_ISA_USAGE = YES_ERROR;
				CLANG_WARN_DOCUMENTATION_COMMENTS = YES;
				CLANG_WARN_EMPTY_BODY = YES;
				CLANG_WARN_ENUM_CONVERSION = YES;
				CLANG_WARN_INFINITE_RECURSION = YES;
				CLANG_WARN_INT_CONVERSION = YES;
				CLANG_WARN_NON_LITERAL_NULL_CONVERSION = YES;
				CLANG_WARN_OBJC_IMPLICIT_RETAIN_SELF = YES;
				CLANG_WARN_OBJC_LITERAL_CONVERSION = YES;
				CLANG_WARN_OBJC_ROOT_CLASS = YES_ERROR;
				CLANG_WARN_RANGE_LOOP_ANALYSIS = YES;
				CLANG_WARN_STRICT_PROTOTYPES = YES;
				CLANG_WARN_SUSPICIOUS_MOVE = YES;
				CLANG_WARN_UNGUARDED_AVAILABILITY = YES_AGGRESSIVE;
				CLANG_WARN_UNREACHABLE_CODE = YES;
				CLANG_WARN__DUPLICATE_METHOD_MATCH = YES;
				CODE_SIGN_IDENTITY = "iPhone Developer";
				COPY_PHASE_STRIP = NO;
				DEBUG_INFORMATION_FORMAT = dwarf;
				ENABLE_STRICT_OBJC_MSGSEND = YES;
				ENABLE_TESTABILITY = YES;
				GCC_C_LANGUAGE_STANDARD = gnu11;
				GCC_DYNAMIC_NO_PIC = NO;
				GCC_NO_COMMON_BLOCKS = YES;
				GCC_OPTIMIZATION_LEVEL = 0;
				GCC_PREPROCESSOR_DEFINITIONS = (
					"DEBUG=1",
					"$(inherited)",
				);
				GCC_WARN_64_TO_32_BIT_CONVERSION = YES;
				GCC_WARN_ABOUT_RETURN_TYPE = YES_ERROR;
				GCC_WARN_UNDECLARED_SELECTOR = YES;
				GCC_WARN_UNINITIALIZED_AUTOS = YES_AGGRESSIVE;
				GCC_WARN_UNUSED_FUNCTION = YES;
				GCC_WARN_UNUSED_VARIABLE = YES;
				IPHONEOS_DEPLOYMENT_TARGET = 12.0;
				MTL_ENABLE_DEBUG_INFO = INCLUDE_SOURCE;
				MTL_FAST_MATH = YES;
				ONLY_ACTIVE_ARCH = YES;
				SDKROOT = iphoneos;
				SWIFT_ACTIVE_COMPILATION_CONDITIONS = DEBUG;
				SWIFT_OPTIMIZATION_LEVEL = "-Onone";
			};
			name = Debug;
		};
		FA8947392156BCF700AF1732 /* Release */ = {
			isa = XCBuildConfiguration;
			buildSettings = {
				ALWAYS_SEARCH_USER_PATHS = NO;
				CLANG_ANALYZER_NONNULL = YES;
				CLANG_ANALYZER_NUMBER_OBJECT_CONVERSION = YES_AGGRESSIVE;
				CLANG_CXX_LANGUAGE_STANDARD = "gnu++14";
				CLANG_CXX_LIBRARY = "libc++";
				CLANG_ENABLE_MODULES = YES;
				CLANG_ENABLE_OBJC_ARC = YES;
				CLANG_ENABLE_OBJC_WEAK = YES;
				CLANG_WARN_BLOCK_CAPTURE_AUTORELEASING = YES;
				CLANG_WARN_BOOL_CONVERSION = YES;
				CLANG_WARN_COMMA = YES;
				CLANG_WARN_CONSTANT_CONVERSION = YES;
				CLANG_WARN_DEPRECATED_OBJC_IMPLEMENTATIONS = YES;
				CLANG_WARN_DIRECT_OBJC_ISA_USAGE = YES_ERROR;
				CLANG_WARN_DOCUMENTATION_COMMENTS = YES;
				CLANG_WARN_EMPTY_BODY = YES;
				CLANG_WARN_ENUM_CONVERSION = YES;
				CLANG_WARN_INFINITE_RECURSION = YES;
				CLANG_WARN_INT_CONVERSION = YES;
				CLANG_WARN_NON_LITERAL_NULL_CONVERSION = YES;
				CLANG_WARN_OBJC_IMPLICIT_RETAIN_SELF = YES;
				CLANG_WARN_OBJC_LITERAL_CONVERSION = YES;
				CLANG_WARN_OBJC_ROOT_CLASS = YES_ERROR;
				CLANG_WARN_RANGE_LOOP_ANALYSIS = YES;
				CLANG_WARN_STRICT_PROTOTYPES = YES;
				CLANG_WARN_SUSPICIOUS_MOVE = YES;
				CLANG_WARN_UNGUARDED_AVAILABILITY = YES_AGGRESSIVE;
				CLANG_WARN_UNREACHABLE_CODE = YES;
				CLANG_WARN__DUPLICATE_METHOD_MATCH = YES;
				CODE_SIGN_IDENTITY = "iPhone Developer";
				COPY_PHASE_STRIP = NO;
				DEBUG_INFORMATION_FORMAT = "dwarf-with-dsym";
				ENABLE_NS_ASSERTIONS = NO;
				ENABLE_STRICT_OBJC_MSGSEND = YES;
				GCC_C_LANGUAGE_STANDARD = gnu11;
				GCC_NO_COMMON_BLOCKS = YES;
				GCC_WARN_64_TO_32_BIT_CONVERSION = YES;
				GCC_WARN_ABOUT_RETURN_TYPE = YES_ERROR;
				GCC_WARN_UNDECLARED_SELECTOR = YES;
				GCC_WARN_UNINITIALIZED_AUTOS = YES_AGGRESSIVE;
				GCC_WARN_UNUSED_FUNCTION = YES;
				GCC_WARN_UNUSED_VARIABLE = YES;
				IPHONEOS_DEPLOYMENT_TARGET = 12.0;
				MTL_ENABLE_DEBUG_INFO = NO;
				MTL_FAST_MATH = YES;
				SDKROOT = iphoneos;
				SWIFT_COMPILATION_MODE = wholemodule;
				SWIFT_OPTIMIZATION_LEVEL = "-O";
				VALIDATE_PRODUCT = YES;
			};
			name = Release;
		};
		FA89473B2156BCF700AF1732 /* Debug */ = {
			isa = XCBuildConfiguration;
			buildSettings = {
				ASSETCATALOG_COMPILER_APPICON_NAME = AppIcon;
				CODE_SIGN_STYLE = Automatic;
				DEVELOPMENT_TEAM = 29BJ3MZQW5;
				INFOPLIST_FILE = "HasbroSTransformers/Supportings Files/Info.plist";
				IPHONEOS_DEPLOYMENT_TARGET = 11.4;
				LD_RUNPATH_SEARCH_PATHS = (
					"$(inherited)",
					"@executable_path/Frameworks",
				);
				PRODUCT_BUNDLE_IDENTIFIER = com.pooya.brain.dev.HasbroSTransformers;
				PRODUCT_NAME = "$(TARGET_NAME)";
				SWIFT_VERSION = 4.2;
				TARGETED_DEVICE_FAMILY = "1,2";
			};
			name = Debug;
		};
		FA89473C2156BCF700AF1732 /* Release */ = {
			isa = XCBuildConfiguration;
			buildSettings = {
				ASSETCATALOG_COMPILER_APPICON_NAME = AppIcon;
				CODE_SIGN_STYLE = Automatic;
				DEVELOPMENT_TEAM = 29BJ3MZQW5;
				INFOPLIST_FILE = "HasbroSTransformers/Supportings Files/Info.plist";
				IPHONEOS_DEPLOYMENT_TARGET = 11.4;
				LD_RUNPATH_SEARCH_PATHS = (
					"$(inherited)",
					"@executable_path/Frameworks",
				);
				PRODUCT_BUNDLE_IDENTIFIER = com.pooya.brain.dev.HasbroSTransformers;
				PRODUCT_NAME = "$(TARGET_NAME)";
				SWIFT_VERSION = 4.2;
				TARGETED_DEVICE_FAMILY = "1,2";
			};
			name = Release;
		};
		FA89473E2156BCF700AF1732 /* Debug */ = {
			isa = XCBuildConfiguration;
			buildSettings = {
				ALWAYS_EMBED_SWIFT_STANDARD_LIBRARIES = YES;
				BUNDLE_LOADER = "$(TEST_HOST)";
				CODE_SIGN_STYLE = Automatic;
				INFOPLIST_FILE = HasbroSTransformersTests/Info.plist;
				LD_RUNPATH_SEARCH_PATHS = (
					"$(inherited)",
					"@executable_path/Frameworks",
					"@loader_path/Frameworks",
				);
				PRODUCT_BUNDLE_IDENTIFIER = com.pooya.brain.dev.HasbroSTransformersTests;
				PRODUCT_NAME = "$(TARGET_NAME)";
				SWIFT_VERSION = 4.2;
				TARGETED_DEVICE_FAMILY = "1,2";
				TEST_HOST = "$(BUILT_PRODUCTS_DIR)/HasbroSTransformers.app/HasbroSTransformers";
			};
			name = Debug;
		};
		FA89473F2156BCF700AF1732 /* Release */ = {
			isa = XCBuildConfiguration;
			buildSettings = {
				ALWAYS_EMBED_SWIFT_STANDARD_LIBRARIES = YES;
				BUNDLE_LOADER = "$(TEST_HOST)";
				CODE_SIGN_STYLE = Automatic;
				INFOPLIST_FILE = HasbroSTransformersTests/Info.plist;
				LD_RUNPATH_SEARCH_PATHS = (
					"$(inherited)",
					"@executable_path/Frameworks",
					"@loader_path/Frameworks",
				);
				PRODUCT_BUNDLE_IDENTIFIER = com.pooya.brain.dev.HasbroSTransformersTests;
				PRODUCT_NAME = "$(TARGET_NAME)";
				SWIFT_VERSION = 4.2;
				TARGETED_DEVICE_FAMILY = "1,2";
				TEST_HOST = "$(BUILT_PRODUCTS_DIR)/HasbroSTransformers.app/HasbroSTransformers";
			};
			name = Release;
		};
		FA8947412156BCF700AF1732 /* Debug */ = {
			isa = XCBuildConfiguration;
			buildSettings = {
				ALWAYS_EMBED_SWIFT_STANDARD_LIBRARIES = YES;
				CODE_SIGN_STYLE = Automatic;
				INFOPLIST_FILE = HasbroSTransformersUITests/Info.plist;
				LD_RUNPATH_SEARCH_PATHS = (
					"$(inherited)",
					"@executable_path/Frameworks",
					"@loader_path/Frameworks",
				);
				PRODUCT_BUNDLE_IDENTIFIER = com.pooya.brain.dev.HasbroSTransformersUITests;
				PRODUCT_NAME = "$(TARGET_NAME)";
				SWIFT_VERSION = 4.2;
				TARGETED_DEVICE_FAMILY = "1,2";
				TEST_TARGET_NAME = HasbroSTransformers;
			};
			name = Debug;
		};
		FA8947422156BCF700AF1732 /* Release */ = {
			isa = XCBuildConfiguration;
			buildSettings = {
				ALWAYS_EMBED_SWIFT_STANDARD_LIBRARIES = YES;
				CODE_SIGN_STYLE = Automatic;
				INFOPLIST_FILE = HasbroSTransformersUITests/Info.plist;
				LD_RUNPATH_SEARCH_PATHS = (
					"$(inherited)",
					"@executable_path/Frameworks",
					"@loader_path/Frameworks",
				);
				PRODUCT_BUNDLE_IDENTIFIER = com.pooya.brain.dev.HasbroSTransformersUITests;
				PRODUCT_NAME = "$(TARGET_NAME)";
				SWIFT_VERSION = 4.2;
				TARGETED_DEVICE_FAMILY = "1,2";
				TEST_TARGET_NAME = HasbroSTransformers;
			};
			name = Release;
		};
/* End XCBuildConfiguration section */

/* Begin XCConfigurationList section */
		FA89470D2156BCF500AF1732 /* Build configuration list for PBXProject "HasbroSTransformers" */ = {
			isa = XCConfigurationList;
			buildConfigurations = (
				FA8947382156BCF700AF1732 /* Debug */,
				FA8947392156BCF700AF1732 /* Release */,
			);
			defaultConfigurationIsVisible = 0;
			defaultConfigurationName = Release;
		};
		FA89473A2156BCF700AF1732 /* Build configuration list for PBXNativeTarget "HasbroSTransformers" */ = {
			isa = XCConfigurationList;
			buildConfigurations = (
				FA89473B2156BCF700AF1732 /* Debug */,
				FA89473C2156BCF700AF1732 /* Release */,
			);
			defaultConfigurationIsVisible = 0;
			defaultConfigurationName = Release;
		};
		FA89473D2156BCF700AF1732 /* Build configuration list for PBXNativeTarget "HasbroSTransformersTests" */ = {
			isa = XCConfigurationList;
			buildConfigurations = (
				FA89473E2156BCF700AF1732 /* Debug */,
				FA89473F2156BCF700AF1732 /* Release */,
			);
			defaultConfigurationIsVisible = 0;
			defaultConfigurationName = Release;
		};
		FA8947402156BCF700AF1732 /* Build configuration list for PBXNativeTarget "HasbroSTransformersUITests" */ = {
			isa = XCConfigurationList;
			buildConfigurations = (
				FA8947412156BCF700AF1732 /* Debug */,
				FA8947422156BCF700AF1732 /* Release */,
			);
			defaultConfigurationIsVisible = 0;
			defaultConfigurationName = Release;
		};
/* End XCConfigurationList section */
	};
	rootObject = FA89470A2156BCF500AF1732 /* Project object */;
}
